
Microsoft Visual Studio Solution File, Format Version 12.00
# Visual Studio Version 17
VisualStudioVersion = 17.13.35931.197 d17.13
MinimumVisualStudioVersion = 10.0.40219.1
Project("{FAE04EC0-301F-11D3-BF4B-00C04F79EFBC}") = "06-05-CSharp", "06-05-CSharp.csproj", "{73D3F7A1-13B1-4AD3-ADD1-791C3B3983A0}"
EndProject
Global
	GlobalSection(SolutionConfigurationPlatforms) = preSolution
		Debug|Any CPU = Debug|Any CPU
		Release|Any CPU = Release|Any CPU
	EndGlobalSection
	GlobalSection(ProjectConfigurationPlatforms) = postSolution
		{73D3F7A1-13B1-4AD3-ADD1-791C3B3983A0}.Debug|Any CPU.ActiveCfg = Debug|Any CPU
		{73D3F7A1-13B1-4AD3-ADD1-791C3B3983A0}.Debug|Any CPU.Build.0 = Debug|Any CPU
		{73D3F7A1-13B1-4AD3-ADD1-791C3B3983A0}.Release|Any CPU.ActiveCfg = Release|Any CPU
		{73D3F7A1-13B1-4AD3-ADD1-791C3B3983A0}.Release|Any CPU.Build.0 = Release|Any CPU
	EndGlobalSection
	GlobalSection(SolutionProperties) = preSolution
		HideSolutionNode = FALSE
	EndGlobalSection
	GlobalSection(ExtensibilityGlobals) = postSolution
		SolutionGuid = {0B4202BE-BADF-4F35-9D8F-A10891BB4EC1}
	EndGlobalSection
EndGlobal
