
Microsoft Visual Studio Solution File, Format Version 12.00
# Visual Studio Version 17
VisualStudioVersion = 17.13.35931.197 d17.13
MinimumVisualStudioVersion = 10.0.40219.1
Project("{FAE04EC0-301F-11D3-BF4B-00C04F79EFBC}") = "06-16-CSharpLinq", "06-16-CSharpLinq.csproj", "{2D79A2F8-3266-4FC6-AC1D-2EF4216A861F}"
EndProject
Global
	GlobalSection(SolutionConfigurationPlatforms) = preSolution
		Debug|Any CPU = Debug|Any CPU
		Release|Any CPU = Release|Any CPU
	EndGlobalSection
	GlobalSection(ProjectConfigurationPlatforms) = postSolution
		{2D79A2F8-3266-4FC6-AC1D-2EF4216A861F}.Debug|Any CPU.ActiveCfg = Debug|Any CPU
		{2D79A2F8-3266-4FC6-AC1D-2EF4216A861F}.Debug|Any CPU.Build.0 = Debug|Any CPU
		{2D79A2F8-3266-4FC6-AC1D-2EF4216A861F}.Release|Any CPU.ActiveCfg = Release|Any CPU
		{2D79A2F8-3266-4FC6-AC1D-2EF4216A861F}.Release|Any CPU.Build.0 = Release|Any CPU
	EndGlobalSection
	GlobalSection(SolutionProperties) = preSolution
		HideSolutionNode = FALSE
	EndGlobalSection
	GlobalSection(ExtensibilityGlobals) = postSolution
		SolutionGuid = {F678EE97-1EDA-4D7C-8DF4-701169E16D55}
	EndGlobalSection
EndGlobal
