
Microsoft Visual Studio Solution File, Format Version 12.00
# Visual Studio Version 17
VisualStudioVersion = 17.13.35931.197 d17.13
MinimumVisualStudioVersion = 10.0.40219.1
Project("{FAE04EC0-301F-11D3-BF4B-00C04F79EFBC}") = "04-23-StringSearch", "04-23-StringSearch.csproj", "{953D36CA-14A5-497F-9FFC-24D28519A44D}"
EndProject
Global
	GlobalSection(SolutionConfigurationPlatforms) = preSolution
		Debug|Any CPU = Debug|Any CPU
		Release|Any CPU = Release|Any CPU
	EndGlobalSection
	GlobalSection(ProjectConfigurationPlatforms) = postSolution
		{953D36CA-14A5-497F-9FFC-24D28519A44D}.Debug|Any CPU.ActiveCfg = Debug|Any CPU
		{953D36CA-14A5-497F-9FFC-24D28519A44D}.Debug|Any CPU.Build.0 = Debug|Any CPU
		{953D36CA-14A5-497F-9FFC-24D28519A44D}.Release|Any CPU.ActiveCfg = Release|Any CPU
		{953D36CA-14A5-497F-9FFC-24D28519A44D}.Release|Any CPU.Build.0 = Release|Any CPU
	EndGlobalSection
	GlobalSection(SolutionProperties) = preSolution
		HideSolutionNode = FALSE
	EndGlobalSection
	GlobalSection(ExtensibilityGlobals) = postSolution
		SolutionGuid = {014C27EB-ECA7-4BA5-AA5B-639399746F4A}
	EndGlobalSection
EndGlobal
